
Microsoft Visual Studio Solution File, Format Version 12.00
# Visual Studio Version 17
VisualStudioVersion = 17.3.32922.545
MinimumVisualStudioVersion = 10.0.40219.1
Project("{2150E333-8FDC-42A3-9474-1A3956D46DE8}") = "src", "src", "{870F975D-0EFA-46C9-A591-C563ED5BEE65}"
EndProject
Project("{2150E333-8FDC-42A3-9474-1A3956D46DE8}") = "test", "test", "{49B6585D-AE10-4FC1-8798-4623D3AE0006}"
EndProject
Project("{2150E333-8FDC-42A3-9474-1A3956D46DE8}") = "Solution Items", "Solution Items", "{63AD0D7C-F45A-4430-BCCB-4980C8BC2FD7}"
	ProjectSection(SolutionItems) = preProject
		ReadMe.md = ReadMe.md
	EndProjectSection
EndProject
Project("{9A19103F-16F7-4668-BE54-9A1E7A4F7556}") = "TravelAgency.Tests.Unit", "test\Shopway.Tests.Unit\TravelAgency.Tests.Unit.csproj", "{D29F0FD2-A583-4EB9-A3AA-FCBC28ABBC06}"
EndProject
Project("{9A19103F-16F7-4668-BE54-9A1E7A4F7556}") = "TravelAgency.Tests.Integration", "test\Shopway.Tests.Integration\TravelAgency.Tests.Integration.csproj", "{3CAF8EF1-04CA-4F64-9DB8-E91851ED053D}"
EndProject
Project("{9A19103F-16F7-4668-BE54-9A1E7A4F7556}") = "TravelAgency.Tests.Integration.Container", "test\Shopway.Tests.Integration.Container\TravelAgency.Tests.Integration.Container.csproj", "{3F592420-2ED9-4B32-A69E-163FEB6A41C5}"
EndProject
Project("{9A19103F-16F7-4668-BE54-9A1E7A4F7556}") = "TravelAgency.Tests.Performance", "test\Shopway.Tests.Performance\TravelAgency.Tests.Performance.csproj", "{F3BD5994-6638-49EB-9133-8F1278026C07}"
EndProject
Project("{2150E333-8FDC-42A3-9474-1A3956D46DE8}") = "Application", "Application", "{00C92D84-C506-4EA9-8CA0-EBF2D3A4D3BC}"
EndProject
Project("{2150E333-8FDC-42A3-9474-1A3956D46DE8}") = "Infrastructure", "Infrastructure", "{06913EED-B789-4BA5-9F2E-8D04B2083A84}"
EndProject
Project("{2150E333-8FDC-42A3-9474-1A3956D46DE8}") = "Domain", "Domain", "{7A109E64-C749-40ED-ADDD-2BD3C89E48AA}"
EndProject
Project("{9A19103F-16F7-4668-BE54-9A1E7A4F7556}") = "TravelAgency.App", "src\TravelAgency.App\TravelAgency.App.csproj", "{DFB67877-25D2-4ECD-B6AF-9E29EB9BDFDC}"
EndProject
Project("{9A19103F-16F7-4668-BE54-9A1E7A4F7556}") = "TravelAgency.Application", "src\TravelAgency.Application\TravelAgency.Application.csproj", "{831320C7-E58C-4F14-9333-17DF89BD53D2}"
EndProject
Project("{9A19103F-16F7-4668-BE54-9A1E7A4F7556}") = "TravelAgency.Infrastructure", "src\TravelAgency.Infrastructure\TravelAgency.Infrastructure.csproj", "{18539A4B-45AB-4420-8D96-955FFA236EE2}"
EndProject
Project("{9A19103F-16F7-4668-BE54-9A1E7A4F7556}") = "TravelAgency.Domain", "src\TravelAgency.Domain\TravelAgency.Domain.csproj", "{36D6384A-2109-4590-ABE6-2E1EB712357E}"
EndProject
Project("{9A19103F-16F7-4668-BE54-9A1E7A4F7556}") = "TravelAgency.Persistence", "src\TravelAgency.Persistence\TravelAgency.Persistence.csproj", "{88AC1261-B576-43D2-A717-6321960FC389}"
EndProject
Project("{9A19103F-16F7-4668-BE54-9A1E7A4F7556}") = "TravelAgency.Presentation", "src\TravelAgency.Presentation\TravelAgency.Presentation.csproj", "{A00E2560-858E-4596-B301-0DBD9D7E0583}"
EndProject
Project("{E53339B2-1760-4266-BCC7-CA923CBCF16C}") = "docker-compose", "docker-compose.dcproj", "{0E64A6C6-ECF9-442B-8AE4-1E792D2C14F0}"
EndProject
Global
	GlobalSection(SolutionConfigurationPlatforms) = preSolution
		Debug|Any CPU = Debug|Any CPU
		Release|Any CPU = Release|Any CPU
	EndGlobalSection
	GlobalSection(ProjectConfigurationPlatforms) = postSolution
		{D29F0FD2-A583-4EB9-A3AA-FCBC28ABBC06}.Debug|Any CPU.ActiveCfg = Debug|Any CPU
		{D29F0FD2-A583-4EB9-A3AA-FCBC28ABBC06}.Debug|Any CPU.Build.0 = Debug|Any CPU
		{D29F0FD2-A583-4EB9-A3AA-FCBC28ABBC06}.Release|Any CPU.ActiveCfg = Release|Any CPU
		{D29F0FD2-A583-4EB9-A3AA-FCBC28ABBC06}.Release|Any CPU.Build.0 = Release|Any CPU
		{3CAF8EF1-04CA-4F64-9DB8-E91851ED053D}.Debug|Any CPU.ActiveCfg = Debug|Any CPU
		{3CAF8EF1-04CA-4F64-9DB8-E91851ED053D}.Debug|Any CPU.Build.0 = Debug|Any CPU
		{3CAF8EF1-04CA-4F64-9DB8-E91851ED053D}.Release|Any CPU.ActiveCfg = Release|Any CPU
		{3CAF8EF1-04CA-4F64-9DB8-E91851ED053D}.Release|Any CPU.Build.0 = Release|Any CPU
		{3F592420-2ED9-4B32-A69E-163FEB6A41C5}.Debug|Any CPU.ActiveCfg = Debug|Any CPU
		{3F592420-2ED9-4B32-A69E-163FEB6A41C5}.Debug|Any CPU.Build.0 = Debug|Any CPU
		{3F592420-2ED9-4B32-A69E-163FEB6A41C5}.Release|Any CPU.ActiveCfg = Release|Any CPU
		{3F592420-2ED9-4B32-A69E-163FEB6A41C5}.Release|Any CPU.Build.0 = Release|Any CPU
		{F3BD5994-6638-49EB-9133-8F1278026C07}.Debug|Any CPU.ActiveCfg = Debug|Any CPU
		{F3BD5994-6638-49EB-9133-8F1278026C07}.Debug|Any CPU.Build.0 = Debug|Any CPU
		{F3BD5994-6638-49EB-9133-8F1278026C07}.Release|Any CPU.ActiveCfg = Release|Any CPU
		{F3BD5994-6638-49EB-9133-8F1278026C07}.Release|Any CPU.Build.0 = Release|Any CPU
		{DFB67877-25D2-4ECD-B6AF-9E29EB9BDFDC}.Debug|Any CPU.ActiveCfg = Debug|Any CPU
		{DFB67877-25D2-4ECD-B6AF-9E29EB9BDFDC}.Debug|Any CPU.Build.0 = Debug|Any CPU
		{DFB67877-25D2-4ECD-B6AF-9E29EB9BDFDC}.Release|Any CPU.ActiveCfg = Release|Any CPU
		{DFB67877-25D2-4ECD-B6AF-9E29EB9BDFDC}.Release|Any CPU.Build.0 = Release|Any CPU
		{831320C7-E58C-4F14-9333-17DF89BD53D2}.Debug|Any CPU.ActiveCfg = Debug|Any CPU
		{831320C7-E58C-4F14-9333-17DF89BD53D2}.Debug|Any CPU.Build.0 = Debug|Any CPU
		{831320C7-E58C-4F14-9333-17DF89BD53D2}.Release|Any CPU.ActiveCfg = Release|Any CPU
		{831320C7-E58C-4F14-9333-17DF89BD53D2}.Release|Any CPU.Build.0 = Release|Any CPU
		{18539A4B-45AB-4420-8D96-955FFA236EE2}.Debug|Any CPU.ActiveCfg = Debug|Any CPU
		{18539A4B-45AB-4420-8D96-955FFA236EE2}.Debug|Any CPU.Build.0 = Debug|Any CPU
		{18539A4B-45AB-4420-8D96-955FFA236EE2}.Release|Any CPU.ActiveCfg = Release|Any CPU
		{18539A4B-45AB-4420-8D96-955FFA236EE2}.Release|Any CPU.Build.0 = Release|Any CPU
		{36D6384A-2109-4590-ABE6-2E1EB712357E}.Debug|Any CPU.ActiveCfg = Debug|Any CPU
		{36D6384A-2109-4590-ABE6-2E1EB712357E}.Debug|Any CPU.Build.0 = Debug|Any CPU
		{36D6384A-2109-4590-ABE6-2E1EB712357E}.Release|Any CPU.ActiveCfg = Release|Any CPU
		{36D6384A-2109-4590-ABE6-2E1EB712357E}.Release|Any CPU.Build.0 = Release|Any CPU
		{88AC1261-B576-43D2-A717-6321960FC389}.Debug|Any CPU.ActiveCfg = Debug|Any CPU
		{88AC1261-B576-43D2-A717-6321960FC389}.Debug|Any CPU.Build.0 = Debug|Any CPU
		{88AC1261-B576-43D2-A717-6321960FC389}.Release|Any CPU.ActiveCfg = Release|Any CPU
		{88AC1261-B576-43D2-A717-6321960FC389}.Release|Any CPU.Build.0 = Release|Any CPU
		{A00E2560-858E-4596-B301-0DBD9D7E0583}.Debug|Any CPU.ActiveCfg = Debug|Any CPU
		{A00E2560-858E-4596-B301-0DBD9D7E0583}.Debug|Any CPU.Build.0 = Debug|Any CPU
		{A00E2560-858E-4596-B301-0DBD9D7E0583}.Release|Any CPU.ActiveCfg = Release|Any CPU
		{A00E2560-858E-4596-B301-0DBD9D7E0583}.Release|Any CPU.Build.0 = Release|Any CPU
		{0E64A6C6-ECF9-442B-8AE4-1E792D2C14F0}.Debug|Any CPU.ActiveCfg = Debug|Any CPU
		{0E64A6C6-ECF9-442B-8AE4-1E792D2C14F0}.Debug|Any CPU.Build.0 = Debug|Any CPU
		{0E64A6C6-ECF9-442B-8AE4-1E792D2C14F0}.Release|Any CPU.ActiveCfg = Release|Any CPU
		{0E64A6C6-ECF9-442B-8AE4-1E792D2C14F0}.Release|Any CPU.Build.0 = Release|Any CPU
	EndGlobalSection
	GlobalSection(SolutionProperties) = preSolution
		HideSolutionNode = FALSE
	EndGlobalSection
	GlobalSection(NestedProjects) = preSolution
		{D29F0FD2-A583-4EB9-A3AA-FCBC28ABBC06} = {49B6585D-AE10-4FC1-8798-4623D3AE0006}
		{3CAF8EF1-04CA-4F64-9DB8-E91851ED053D} = {49B6585D-AE10-4FC1-8798-4623D3AE0006}
		{3F592420-2ED9-4B32-A69E-163FEB6A41C5} = {49B6585D-AE10-4FC1-8798-4623D3AE0006}
		{F3BD5994-6638-49EB-9133-8F1278026C07} = {49B6585D-AE10-4FC1-8798-4623D3AE0006}
		{00C92D84-C506-4EA9-8CA0-EBF2D3A4D3BC} = {870F975D-0EFA-46C9-A591-C563ED5BEE65}
		{06913EED-B789-4BA5-9F2E-8D04B2083A84} = {870F975D-0EFA-46C9-A591-C563ED5BEE65}
		{7A109E64-C749-40ED-ADDD-2BD3C89E48AA} = {870F975D-0EFA-46C9-A591-C563ED5BEE65}
		{DFB67877-25D2-4ECD-B6AF-9E29EB9BDFDC} = {00C92D84-C506-4EA9-8CA0-EBF2D3A4D3BC}
		{831320C7-E58C-4F14-9333-17DF89BD53D2} = {00C92D84-C506-4EA9-8CA0-EBF2D3A4D3BC}
		{18539A4B-45AB-4420-8D96-955FFA236EE2} = {06913EED-B789-4BA5-9F2E-8D04B2083A84}
		{36D6384A-2109-4590-ABE6-2E1EB712357E} = {7A109E64-C749-40ED-ADDD-2BD3C89E48AA}
		{88AC1261-B576-43D2-A717-6321960FC389} = {06913EED-B789-4BA5-9F2E-8D04B2083A84}
		{A00E2560-858E-4596-B301-0DBD9D7E0583} = {00C92D84-C506-4EA9-8CA0-EBF2D3A4D3BC}
	EndGlobalSection
	GlobalSection(ExtensibilityGlobals) = postSolution
		SolutionGuid = {611D72BD-9F9B-485C-A4B7-14B98649BA32}
	EndGlobalSection
EndGlobal
